
Microsoft Visual Studio Solution File, Format Version 12.00
# Visual Studio Version 17
VisualStudioVersion = 17.8.34322.80
MinimumVisualStudioVersion = 10.0.40219.1
Project("{FAE04EC0-301F-11D3-BF4B-00C04F79EFBC}") = "RichardP8Grocery", "RichardP8Grocery\RichardP8Grocery.csproj", "{349779C2-F73C-4CFE-9741-CFA15F2FB556}"
EndProject
Global
	GlobalSection(SolutionConfigurationPlatforms) = preSolution
		Debug|Any CPU = Debug|Any CPU
		Release|Any CPU = Release|Any CPU
	EndGlobalSection
	GlobalSection(ProjectConfigurationPlatforms) = postSolution
		{349779C2-F73C-4CFE-9741-CFA15F2FB556}.Debug|Any CPU.ActiveCfg = Debug|Any CPU
		{349779C2-F73C-4CFE-9741-CFA15F2FB556}.Debug|Any CPU.Build.0 = Debug|Any CPU
		{349779C2-F73C-4CFE-9741-CFA15F2FB556}.Release|Any CPU.ActiveCfg = Release|Any CPU
		{349779C2-F73C-4CFE-9741-CFA15F2FB556}.Release|Any CPU.Build.0 = Release|Any CPU
	EndGlobalSection
	GlobalSection(SolutionProperties) = preSolution
		HideSolutionNode = FALSE
	EndGlobalSection
	GlobalSection(ExtensibilityGlobals) = postSolution
		SolutionGuid = {73C8D22E-2D49-4DDC-A0EC-52EE85B5CE95}
	EndGlobalSection
EndGlobal
